name: Generate FullCalendar lockfile

on:
  pull_request:
    branches: [main]

permissions:
  contents: write

jobs:
  lockfile:
    runs-on: ubuntu-latest
    timeout-minutes: 10
    steps:
      - name: Checkout PR branch
        uses: actions/checkout@v4
        with:
          ref: ${{ github.head_ref }}
      - name: Setup Node
        uses: actions/setup-node@v4
        with:
          node-version: 22
      - name: Resolve dependencies
        run: npm install --package-lock-only --no-fund
      - name: Commit generated lockfile
        run: |
          if git diff --quiet package-lock.json; then
            echo "Lockfile already up to date"
            exit 0
          fi
          git config user.name "github-actions[bot]"
          git config user.email "41898282+github-actions[bot]@users.noreply.github.com"
          git add package-lock.json
          git commit -m "Update lockfile for FullCalendar"
          git push origin HEAD:${{ github.head_ref }}
